
Microsoft Visual Studio Solution File, Format Version 12.00
# Visual Studio Version 17
VisualStudioVersion = 17.6.33723.286
MinimumVisualStudioVersion = 10.0.40219.1
Project("{9A19103F-16F7-4668-BE54-9A1E7A4F7556}") = "HTTPClientExercise", "HTTPClientExercise\HTTPClientExercise.csproj", "{F00641A7-A216-4429-8972-F31E195670C1}"
EndProject
Project("{FAE04EC0-301F-11D3-BF4B-00C04F79EFBC}") = "NumberAddApi", "NumberAddApi\NumberAddApi.csproj", "{963B9862-7D18-490D-8EBA-AED4210E2876}"
EndProject
Global
	GlobalSection(SolutionConfigurationPlatforms) = preSolution
		Debug|Any CPU = Debug|Any CPU
		Release|Any CPU = Release|Any CPU
	EndGlobalSection
	GlobalSection(ProjectConfigurationPlatforms) = postSolution
		{F00641A7-A216-4429-8972-F31E195670C1}.Debug|Any CPU.ActiveCfg = Debug|Any CPU
		{F00641A7-A216-4429-8972-F31E195670C1}.Debug|Any CPU.Build.0 = Debug|Any CPU
		{F00641A7-A216-4429-8972-F31E195670C1}.Release|Any CPU.ActiveCfg = Release|Any CPU
		{F00641A7-A216-4429-8972-F31E195670C1}.Release|Any CPU.Build.0 = Release|Any CPU
		{963B9862-7D18-490D-8EBA-AED4210E2876}.Debug|Any CPU.ActiveCfg = Debug|Any CPU
		{963B9862-7D18-490D-8EBA-AED4210E2876}.Debug|Any CPU.Build.0 = Debug|Any CPU
		{963B9862-7D18-490D-8EBA-AED4210E2876}.Release|Any CPU.ActiveCfg = Release|Any CPU
		{963B9862-7D18-490D-8EBA-AED4210E2876}.Release|Any CPU.Build.0 = Release|Any CPU
	EndGlobalSection
	GlobalSection(SolutionProperties) = preSolution
		HideSolutionNode = FALSE
	EndGlobalSection
	GlobalSection(ExtensibilityGlobals) = postSolution
		SolutionGuid = {F7146E25-4AEF-404D-AC27-4C04F88373A8}
	EndGlobalSection
EndGlobal
